
Microsoft Visual Studio Solution File, Format Version 12.00
# Visual Studio 15
VisualStudioVersion = 15.0.27906.1
MinimumVisualStudioVersion = 10.0.40219.1
Project("{FAE04EC0-301F-11D3-BF4B-00C04F79EFBC}") = "pipelines_span", "01_pipelines_and_span/pipelines_span.csproj", "{D5D12B14-D510-4C29-B98A-C88A524F0513}"
EndProject
Global
	GlobalSection(SolutionConfigurationPlatforms) = preSolution
		Debug|Any CPU = Debug|Any CPU
		Release|Any CPU = Release|Any CPU
	EndGlobalSection
	GlobalSection(ProjectConfigurationPlatforms) = postSolution
		{D5D12B14-D510-4C29-B98A-C88A524F0513}.Debug|Any CPU.ActiveCfg = Debug|Any CPU
		{D5D12B14-D510-4C29-B98A-C88A524F0513}.Debug|Any CPU.Build.0 = Debug|Any CPU
		{D5D12B14-D510-4C29-B98A-C88A524F0513}.Release|Any CPU.ActiveCfg = Release|Any CPU
		{D5D12B14-D510-4C29-B98A-C88A524F0513}.Release|Any CPU.Build.0 = Release|Any CPU
	EndGlobalSection
	GlobalSection(SolutionProperties) = preSolution
		HideSolutionNode = FALSE
	EndGlobalSection
	GlobalSection(ExtensibilityGlobals) = postSolution
		SolutionGuid = {2DB31701-595F-4C1F-8AAD-5C2D77E39930}
	EndGlobalSection
EndGlobal
